
Microsoft Visual Studio Solution File, Format Version 12.00
# Visual Studio 2015
Project("{FAE04EC0-301F-11D3-BF4B-00C04F79EFBC}") = "HumanOptimization_Unity.Plugins", "HumanOptimization_Unity.Plugins.csproj", "{E05568B3-10FC-0D6D-D762-0A0D66B928EF}"
EndProject
Project("{FAE04EC0-301F-11D3-BF4B-00C04F79EFBC}") = "HumanOptimization_Unity", "HumanOptimization_Unity.csproj", "{FFE95061-1940-C02D-FCBC-B8FA2180CCAA}"
EndProject
Global
	GlobalSection(SolutionConfigurationPlatforms) = preSolution
		Debug|Any CPU = Debug|Any CPU
		Release|Any CPU = Release|Any CPU
	EndGlobalSection
	GlobalSection(ProjectConfigurationPlatforms) = postSolution
		{E05568B3-10FC-0D6D-D762-0A0D66B928EF}.Debug|Any CPU.ActiveCfg = Debug|Any CPU
		{E05568B3-10FC-0D6D-D762-0A0D66B928EF}.Debug|Any CPU.Build.0 = Debug|Any CPU
		{E05568B3-10FC-0D6D-D762-0A0D66B928EF}.Release|Any CPU.ActiveCfg = Release|Any CPU
		{E05568B3-10FC-0D6D-D762-0A0D66B928EF}.Release|Any CPU.Build.0 = Release|Any CPU
		{FFE95061-1940-C02D-FCBC-B8FA2180CCAA}.Debug|Any CPU.ActiveCfg = Debug|Any CPU
		{FFE95061-1940-C02D-FCBC-B8FA2180CCAA}.Debug|Any CPU.Build.0 = Debug|Any CPU
		{FFE95061-1940-C02D-FCBC-B8FA2180CCAA}.Release|Any CPU.ActiveCfg = Release|Any CPU
		{FFE95061-1940-C02D-FCBC-B8FA2180CCAA}.Release|Any CPU.Build.0 = Release|Any CPU
	EndGlobalSection
	GlobalSection(SolutionProperties) = preSolution
		HideSolutionNode = FALSE
	EndGlobalSection
EndGlobal
